
Microsoft Visual Studio Solution File, Format Version 12.00
# Visual Studio Version 16
VisualStudioVersion = 16.0.28922.388
MinimumVisualStudioVersion = 10.0.40219.1
Project("{9A19103F-16F7-4668-BE54-9A1E7A4F7556}") = "WebApiRest.NetCore", "WebApiRest.NetCore\WebApiRest.NetCore.csproj", "{59D015D2-BB37-4148-895E-7064F4619A9B}"
EndProject
Project("{2150E333-8FDC-42A3-9474-1A3956D46DE8}") = "5. Api (AspNetCore)", "5. Api (AspNetCore)", "{E3198E67-64C5-4EEB-9DB1-1E507B6C26E0}"
EndProject
Project("{2150E333-8FDC-42A3-9474-1A3956D46DE8}") = "4. Bussiness (.dll)", "4. Bussiness (.dll)", "{742D7F26-70C9-4CB6-8AEC-6D8468D49B36}"
EndProject
Project("{2150E333-8FDC-42A3-9474-1A3956D46DE8}") = "1. Domain (.dll)", "1. Domain (.dll)", "{56A993CC-7383-429A-AB07-4E086806A271}"
EndProject
Project("{2150E333-8FDC-42A3-9474-1A3956D46DE8}") = "2. Repositories (.EntityFrameworkCore)", "2. Repositories (.EntityFrameworkCore)", "{CDFF5662-EB51-4DDB-8643-542E63DD6D76}"
EndProject
Project("{2150E333-8FDC-42A3-9474-1A3956D46DE8}") = "6. Tests (xUnit)", "6. Tests (xUnit)", "{76C7BBD4-BB5F-4FC1-8A91-651A1BCB4CDF}"
EndProject
Project("{2150E333-8FDC-42A3-9474-1A3956D46DE8}") = "3. Tools (.dll)", "3. Tools (.dll)", "{64D185F0-1149-46FC-A60A-5E323CE11383}"
EndProject
Project("{9A19103F-16F7-4668-BE54-9A1E7A4F7556}") = "WebApiRest.NetCore.Tools", "WebApiRest.NetCore.Tools\WebApiRest.NetCore.Tools.csproj", "{86EAB320-1934-409A-B786-F4C67B33A268}"
EndProject
Project("{9A19103F-16F7-4668-BE54-9A1E7A4F7556}") = "WebApiRest.NetCore.Domain", "WebApiRest.NetCore.Domain\WebApiRest.NetCore.Domain.csproj", "{AE7D40A6-C796-413D-AC72-D00BE43DC967}"
EndProject
Project("{9A19103F-16F7-4668-BE54-9A1E7A4F7556}") = "WebApiRest.NetCore.Repositories", "WebApiRest.NetCore.Repositories\WebApiRest.NetCore.Repositories.csproj", "{2AA265EE-A65E-4E55-B060-2DDFB3854E04}"
EndProject
Project("{FAE04EC0-301F-11D3-BF4B-00C04F79EFBC}") = "WebApirest.NetCore.Bussiness", "WebApirest.NetCore.Bussiness\WebApirest.NetCore.Bussiness.csproj", "{B7525793-B769-40FC-ACDC-9D7442FCDB4A}"
EndProject
Project("{FAE04EC0-301F-11D3-BF4B-00C04F79EFBC}") = "WebApiRest.NetCore.Tests", "WebApiRest.NetCore.Tests\WebApiRest.NetCore.Tests.csproj", "{65448BE8-1ED5-4912-ADE5-CBB74280DC6F}"
EndProject
Project("{2150E333-8FDC-42A3-9474-1A3956D46DE8}") = "Git", "Git", "{AA41523D-D478-4B52-B611-D3AE6F56A141}"
	ProjectSection(SolutionItems) = preProject
		.gitignore = .gitignore
		README.md = README.md
	EndProjectSection
EndProject
Project("{2150E333-8FDC-42A3-9474-1A3956D46DE8}") = "0. Files", "0. Files", "{93381752-B522-4BDB-A402-EBBBEBC10A6D}"
EndProject
Project("{2150E333-8FDC-42A3-9474-1A3956D46DE8}") = "Scripts databases", "Scripts databases", "{D924CDF9-9859-4D0F-A890-7C6FACA7ABA6}"
	ProjectSection(SolutionItems) = preProject
		Query_create_database_mysql_server.sql = Query_create_database_mysql_server.sql
		Query_create_database_sql_server.sql = Query_create_database_sql_server.sql
	EndProjectSection
EndProject
Global
	GlobalSection(SolutionConfigurationPlatforms) = preSolution
		Debug|Any CPU = Debug|Any CPU
		DebugLocal|Any CPU = DebugLocal|Any CPU
		Development|Any CPU = Development|Any CPU
		Release|Any CPU = Release|Any CPU
	EndGlobalSection
	GlobalSection(ProjectConfigurationPlatforms) = postSolution
		{59D015D2-BB37-4148-895E-7064F4619A9B}.Debug|Any CPU.ActiveCfg = Debug|Any CPU
		{59D015D2-BB37-4148-895E-7064F4619A9B}.Debug|Any CPU.Build.0 = Debug|Any CPU
		{59D015D2-BB37-4148-895E-7064F4619A9B}.DebugLocal|Any CPU.ActiveCfg = Debug|Any CPU
		{59D015D2-BB37-4148-895E-7064F4619A9B}.DebugLocal|Any CPU.Build.0 = Debug|Any CPU
		{59D015D2-BB37-4148-895E-7064F4619A9B}.Development|Any CPU.ActiveCfg = Debug|Any CPU
		{59D015D2-BB37-4148-895E-7064F4619A9B}.Development|Any CPU.Build.0 = Debug|Any CPU
		{59D015D2-BB37-4148-895E-7064F4619A9B}.Release|Any CPU.ActiveCfg = Release|Any CPU
		{59D015D2-BB37-4148-895E-7064F4619A9B}.Release|Any CPU.Build.0 = Release|Any CPU
		{86EAB320-1934-409A-B786-F4C67B33A268}.Debug|Any CPU.ActiveCfg = Debug|Any CPU
		{86EAB320-1934-409A-B786-F4C67B33A268}.Debug|Any CPU.Build.0 = Debug|Any CPU
		{86EAB320-1934-409A-B786-F4C67B33A268}.DebugLocal|Any CPU.ActiveCfg = Debug|Any CPU
		{86EAB320-1934-409A-B786-F4C67B33A268}.DebugLocal|Any CPU.Build.0 = Debug|Any CPU
		{86EAB320-1934-409A-B786-F4C67B33A268}.Development|Any CPU.ActiveCfg = Debug|Any CPU
		{86EAB320-1934-409A-B786-F4C67B33A268}.Development|Any CPU.Build.0 = Debug|Any CPU
		{86EAB320-1934-409A-B786-F4C67B33A268}.Release|Any CPU.ActiveCfg = Release|Any CPU
		{86EAB320-1934-409A-B786-F4C67B33A268}.Release|Any CPU.Build.0 = Release|Any CPU
		{AE7D40A6-C796-413D-AC72-D00BE43DC967}.Debug|Any CPU.ActiveCfg = Debug|Any CPU
		{AE7D40A6-C796-413D-AC72-D00BE43DC967}.Debug|Any CPU.Build.0 = Debug|Any CPU
		{AE7D40A6-C796-413D-AC72-D00BE43DC967}.DebugLocal|Any CPU.ActiveCfg = Debug|Any CPU
		{AE7D40A6-C796-413D-AC72-D00BE43DC967}.DebugLocal|Any CPU.Build.0 = Debug|Any CPU
		{AE7D40A6-C796-413D-AC72-D00BE43DC967}.Development|Any CPU.ActiveCfg = Debug|Any CPU
		{AE7D40A6-C796-413D-AC72-D00BE43DC967}.Development|Any CPU.Build.0 = Debug|Any CPU
		{AE7D40A6-C796-413D-AC72-D00BE43DC967}.Release|Any CPU.ActiveCfg = Release|Any CPU
		{AE7D40A6-C796-413D-AC72-D00BE43DC967}.Release|Any CPU.Build.0 = Release|Any CPU
		{2AA265EE-A65E-4E55-B060-2DDFB3854E04}.Debug|Any CPU.ActiveCfg = Debug|Any CPU
		{2AA265EE-A65E-4E55-B060-2DDFB3854E04}.Debug|Any CPU.Build.0 = Debug|Any CPU
		{2AA265EE-A65E-4E55-B060-2DDFB3854E04}.DebugLocal|Any CPU.ActiveCfg = Debug|Any CPU
		{2AA265EE-A65E-4E55-B060-2DDFB3854E04}.DebugLocal|Any CPU.Build.0 = Debug|Any CPU
		{2AA265EE-A65E-4E55-B060-2DDFB3854E04}.Development|Any CPU.ActiveCfg = Debug|Any CPU
		{2AA265EE-A65E-4E55-B060-2DDFB3854E04}.Development|Any CPU.Build.0 = Debug|Any CPU
		{2AA265EE-A65E-4E55-B060-2DDFB3854E04}.Release|Any CPU.ActiveCfg = Release|Any CPU
		{2AA265EE-A65E-4E55-B060-2DDFB3854E04}.Release|Any CPU.Build.0 = Release|Any CPU
		{B7525793-B769-40FC-ACDC-9D7442FCDB4A}.Debug|Any CPU.ActiveCfg = Debug|Any CPU
		{B7525793-B769-40FC-ACDC-9D7442FCDB4A}.Debug|Any CPU.Build.0 = Debug|Any CPU
		{B7525793-B769-40FC-ACDC-9D7442FCDB4A}.DebugLocal|Any CPU.ActiveCfg = Debug|Any CPU
		{B7525793-B769-40FC-ACDC-9D7442FCDB4A}.DebugLocal|Any CPU.Build.0 = Debug|Any CPU
		{B7525793-B769-40FC-ACDC-9D7442FCDB4A}.Development|Any CPU.ActiveCfg = Debug|Any CPU
		{B7525793-B769-40FC-ACDC-9D7442FCDB4A}.Development|Any CPU.Build.0 = Debug|Any CPU
		{B7525793-B769-40FC-ACDC-9D7442FCDB4A}.Release|Any CPU.ActiveCfg = Release|Any CPU
		{B7525793-B769-40FC-ACDC-9D7442FCDB4A}.Release|Any CPU.Build.0 = Release|Any CPU
		{65448BE8-1ED5-4912-ADE5-CBB74280DC6F}.Debug|Any CPU.ActiveCfg = Debug|Any CPU
		{65448BE8-1ED5-4912-ADE5-CBB74280DC6F}.Debug|Any CPU.Build.0 = Debug|Any CPU
		{65448BE8-1ED5-4912-ADE5-CBB74280DC6F}.DebugLocal|Any CPU.ActiveCfg = Debug|Any CPU
		{65448BE8-1ED5-4912-ADE5-CBB74280DC6F}.DebugLocal|Any CPU.Build.0 = Debug|Any CPU
		{65448BE8-1ED5-4912-ADE5-CBB74280DC6F}.Development|Any CPU.ActiveCfg = Debug|Any CPU
		{65448BE8-1ED5-4912-ADE5-CBB74280DC6F}.Development|Any CPU.Build.0 = Debug|Any CPU
		{65448BE8-1ED5-4912-ADE5-CBB74280DC6F}.Release|Any CPU.ActiveCfg = Release|Any CPU
		{65448BE8-1ED5-4912-ADE5-CBB74280DC6F}.Release|Any CPU.Build.0 = Release|Any CPU
	EndGlobalSection
	GlobalSection(SolutionProperties) = preSolution
		HideSolutionNode = FALSE
	EndGlobalSection
	GlobalSection(NestedProjects) = preSolution
		{59D015D2-BB37-4148-895E-7064F4619A9B} = {E3198E67-64C5-4EEB-9DB1-1E507B6C26E0}
		{86EAB320-1934-409A-B786-F4C67B33A268} = {64D185F0-1149-46FC-A60A-5E323CE11383}
		{AE7D40A6-C796-413D-AC72-D00BE43DC967} = {56A993CC-7383-429A-AB07-4E086806A271}
		{2AA265EE-A65E-4E55-B060-2DDFB3854E04} = {CDFF5662-EB51-4DDB-8643-542E63DD6D76}
		{B7525793-B769-40FC-ACDC-9D7442FCDB4A} = {742D7F26-70C9-4CB6-8AEC-6D8468D49B36}
		{65448BE8-1ED5-4912-ADE5-CBB74280DC6F} = {76C7BBD4-BB5F-4FC1-8A91-651A1BCB4CDF}
		{AA41523D-D478-4B52-B611-D3AE6F56A141} = {93381752-B522-4BDB-A402-EBBBEBC10A6D}
		{D924CDF9-9859-4D0F-A890-7C6FACA7ABA6} = {93381752-B522-4BDB-A402-EBBBEBC10A6D}
	EndGlobalSection
	GlobalSection(ExtensibilityGlobals) = postSolution
		SolutionGuid = {52D138FC-C26C-45BE-B4AF-FB42F111AC33}
	EndGlobalSection
EndGlobal
